{
  "nodes": {
    "easy-hls": {
      "inputs": {
        "nixpkgs": [
          "nixpkgs"
        ]
      },
      "locked": {
        "lastModified": 1637250802,
        "narHash": "sha256-/crlHEVB148PGQLZCsHOR9L5qgvCAfRSocIoKgmMAhA=",
        "owner": "jkachmar",
        "repo": "easy-hls-nix",
        "rev": "7c123399ef8a67dc0e505d9cf7f2c7f64f1cd847",
        "type": "github"
      },
      "original": {
        "owner": "jkachmar",
        "repo": "easy-hls-nix",
        "type": "github"
      }
    },
    "flake-utils": {
      "locked": {
        "lastModified": 1642700792,
        "narHash": "sha256-XqHrk7hFb+zBvRg6Ghl+AZDq03ov6OshJLiSWOoX5es=",
        "owner": "numtide",
        "repo": "flake-utils",
        "rev": "846b2ae0fc4cc943637d3d1def4454213e203cba",
        "type": "github"
      },
      "original": {
        "owner": "numtide",
        "repo": "flake-utils",
        "type": "github"
      }
    },
    "nixpkgs": {
      "locked": {
        "lastModified": 1642762012,
        "narHash": "sha256-hJqPNDyooFxhGOd4mRleWl9kj1EACziLctrjneW0pbU=",
        "owner": "NixOS",
        "repo": "nixpkgs",
        "rev": "787ced6423cbfd130471aaf0a5e66ca3fd3e6af0",
        "type": "github"
      },
      "original": {
        "id": "nixpkgs",
        "type": "indirect"
      }
    },
    "root": {
      "inputs": {
        "easy-hls": "easy-hls",
        "flake-utils": "flake-utils",
        "nixpkgs": "nixpkgs"
      }
    }
  },
  "root": "root",
  "version": 7
}
